
Microsoft Visual Studio Solution File, Format Version 12.00
# Visual Studio Version 17
VisualStudioVersion = 17.12.35506.116
MinimumVisualStudioVersion = 10.0.40219.1
Project("{FAE04EC0-301F-11D3-BF4B-00C04F79EFBC}") = "Fibonacci", "Fibonacci\Fibonacci.csproj", "{DCA21D73-4119-4BA5-B93F-9CA5C4DCAA33}"
EndProject
Project("{FAE04EC0-301F-11D3-BF4B-00C04F79EFBC}") = "Tuple", "Tuple\Tuple.csproj", "{3E62A214-C66B-4F29-8AFF-044B1D6D8539}"
EndProject
Project("{FAE04EC0-301F-11D3-BF4B-00C04F79EFBC}") = "1DArray", "1DArray\1DArray.csproj", "{5D104286-31EC-4AB8-BB48-A41D30070B69}"
EndProject
Project("{FAE04EC0-301F-11D3-BF4B-00C04F79EFBC}") = "GreatestNumberV2", "GreatestNumberV2\GreatestNumberV2.csproj", "{128F464E-6217-42EC-A531-0ED395057C3A}"
EndProject
Project("{FAE04EC0-301F-11D3-BF4B-00C04F79EFBC}") = "CheckForPrimeV1", "CheckForPrimeV1\CheckForPrimeV1.csproj", "{0C6ED8C8-A886-46BF-8829-231027B15A96}"
EndProject
Project("{FAE04EC0-301F-11D3-BF4B-00C04F79EFBC}") = "CheckForPrimeV2", "CheckForPrimeV2\CheckForPrimeV2.csproj", "{46D364DC-4473-4AA6-B44C-26BA366585E0}"
EndProject
Project("{FAE04EC0-301F-11D3-BF4B-00C04F79EFBC}") = "CheckForPrimeV3", "CheckForPrimeV3\CheckForPrimeV3.csproj", "{B6B8D1F8-9681-4C33-B5D4-75A3773373FF}"
EndProject
Project("{FAE04EC0-301F-11D3-BF4B-00C04F79EFBC}") = "CheckForPrimeV4WithLinqFullSafety", "CheckForPrimeV4WithLinqFullSafety\CheckForPrimeV4WithLinqFullSafety.csproj", "{2DF83F0D-A89C-483E-92CE-4DE1DE9E665D}"
EndProject
Project("{FAE04EC0-301F-11D3-BF4B-00C04F79EFBC}") = "GreatestNumberV1", "GreatestNumberV1\GreatestNumberV1.csproj", "{114509A5-0939-4BF2-B6CB-134EE3C8798A}"
EndProject
Project("{FAE04EC0-301F-11D3-BF4B-00C04F79EFBC}") = "CSharpStrings", "CSharpStrings\CSharpStrings.csproj", "{BB70867F-C4C2-4D10-A08D-7F48B2B15738}"
EndProject
Project("{FAE04EC0-301F-11D3-BF4B-00C04F79EFBC}") = "GreatestNumberV3UsingLinq", "GreatestNumberV3UsingLinq\GreatestNumberV3UsingLinq.csproj", "{C071BD59-6CC0-4389-BA32-3BCFC3B9058F}"
EndProject
Project("{FAE04EC0-301F-11D3-BF4B-00C04F79EFBC}") = "CalculatorWithSwitch", "CalculatorWithSwitch\CalculatorWithSwitch.csproj", "{6F0AAAAE-A0FA-4CAE-AB1D-3FE27FD5E597}"
EndProject
Project("{FAE04EC0-301F-11D3-BF4B-00C04F79EFBC}") = "PrimeRangeV1", "PrimeRangeV1\PrimeRangeV1.csproj", "{7BC93D9B-93F8-4727-8311-897927808109}"
EndProject
Project("{FAE04EC0-301F-11D3-BF4B-00C04F79EFBC}") = "PrimeRangeV2", "PrimeRangeV2\PrimeRangeV2.csproj", "{F2125A68-78B0-4660-A921-0D7F6C9AAB1B}"
EndProject
Project("{FAE04EC0-301F-11D3-BF4B-00C04F79EFBC}") = "PrimeRangeV3", "PrimeRangeV3\PrimeRangeV3.csproj", "{E293E6CC-3D21-4FA6-804D-024FB7919462}"
EndProject
Project("{FAE04EC0-301F-11D3-BF4B-00C04F79EFBC}") = "PrimeRangeV4WithLinqFullSafety", "PrimeRangeV4WithLinqFullSafety\PrimeRangeV4WithLinqFullSafety.csproj", "{86E1DE7D-9171-46F7-9AA2-441893DE9B6A}"
EndProject
Project("{FAE04EC0-301F-11D3-BF4B-00C04F79EFBC}") = "PrimeNumberAlgorithmEvaluationV1", "PrimeNumberAlgorithmEvaluationV1\PrimeNumberAlgorithmEvaluationV1.csproj", "{474C4B45-FBAB-403D-9A46-9B80872E8304}"
EndProject
Project("{FAE04EC0-301F-11D3-BF4B-00C04F79EFBC}") = "PrimeNumberAlgorithmEvaluationV2", "PrimeNumberAlgorithmEvaluationV2\PrimeNumberAlgorithmEvaluationV2.csproj", "{715558B5-BDA4-4D38-822E-435031AB97AB}"
EndProject
Project("{FAE04EC0-301F-11D3-BF4B-00C04F79EFBC}") = "PrimeNumberAlgorithmEvaluationV3", "PrimeNumberAlgorithmEvaluationV3\PrimeNumberAlgorithmEvaluationV3.csproj", "{66329BD7-7783-4104-B046-F1A840549DCE}"
EndProject
Project("{FAE04EC0-301F-11D3-BF4B-00C04F79EFBC}") = "PrimeNumberAlgorithmEvaluationV4WithLinq", "PrimeNumberAlgorithmEvaluationV4WithLinq\PrimeNumberAlgorithmEvaluationV4WithLinq.csproj", "{95586FC9-1057-4DA0-B3C3-447B3BE97069}"
EndProject
Project("{FAE04EC0-301F-11D3-BF4B-00C04F79EFBC}") = "MatrixAddition", "MatrixAddition\MatrixAddition.csproj", "{802C8081-BB0A-4DF3-95CC-32DAEB52AD2A}"
EndProject
Project("{FAE04EC0-301F-11D3-BF4B-00C04F79EFBC}") = "MatrixMultiplication", "MatrixMultiplication\MatrixMultiplication.csproj", "{BCE8F4D9-7E70-4D68-893C-4A215EE8ED02}"
EndProject
Project("{FAE04EC0-301F-11D3-BF4B-00C04F79EFBC}") = "FunctionsExample", "FunctionsExample\FunctionsExample.csproj", "{CCACCB77-04F8-4949-BF9B-812AC5D52BF2}"
EndProject
Project("{FAE04EC0-301F-11D3-BF4B-00C04F79EFBC}") = "FactorialWithFunction", "FactorialWithFunction\FactorialWithFunction.csproj", "{135935D3-CC40-4E08-B564-FC0A3E8EA65A}"
EndProject
Project("{FAE04EC0-301F-11D3-BF4B-00C04F79EFBC}") = "FibonacciWithFunction", "FibonacciWithFunction\FibonacciWithFunction.csproj", "{DA37E317-F623-4AAA-8371-63738BEFC838}"
EndProject
Project("{FAE04EC0-301F-11D3-BF4B-00C04F79EFBC}") = "MatrixAdditionWithFunction", "MatrixAdditionWithFunction\MatrixAdditionWithFunction.csproj", "{DB065E1D-991E-41DD-8088-80BF809271F4}"
EndProject
Project("{FAE04EC0-301F-11D3-BF4B-00C04F79EFBC}") = "MatrixMultiplicationWithFunction", "MatrixMultiplicationWithFunction\MatrixMultiplicationWithFunction.csproj", "{CF5925BD-7AD1-411C-AAC6-4BC0879753D6}"
EndProject
Project("{FAE04EC0-301F-11D3-BF4B-00C04F79EFBC}") = "PrimeNumberV1WithFunction", "PrimeNumberV1WithFunction\PrimeNumberV1WithFunction.csproj", "{280E42F2-E23E-40AA-A7AA-997DD449E2D6}"
EndProject
Global
	GlobalSection(SolutionConfigurationPlatforms) = preSolution
		Debug|Any CPU = Debug|Any CPU
		Release|Any CPU = Release|Any CPU
	EndGlobalSection
	GlobalSection(ProjectConfigurationPlatforms) = postSolution
		{DCA21D73-4119-4BA5-B93F-9CA5C4DCAA33}.Debug|Any CPU.ActiveCfg = Debug|Any CPU
		{DCA21D73-4119-4BA5-B93F-9CA5C4DCAA33}.Debug|Any CPU.Build.0 = Debug|Any CPU
		{DCA21D73-4119-4BA5-B93F-9CA5C4DCAA33}.Release|Any CPU.ActiveCfg = Release|Any CPU
		{DCA21D73-4119-4BA5-B93F-9CA5C4DCAA33}.Release|Any CPU.Build.0 = Release|Any CPU
		{3E62A214-C66B-4F29-8AFF-044B1D6D8539}.Debug|Any CPU.ActiveCfg = Debug|Any CPU
		{3E62A214-C66B-4F29-8AFF-044B1D6D8539}.Debug|Any CPU.Build.0 = Debug|Any CPU
		{3E62A214-C66B-4F29-8AFF-044B1D6D8539}.Release|Any CPU.ActiveCfg = Release|Any CPU
		{3E62A214-C66B-4F29-8AFF-044B1D6D8539}.Release|Any CPU.Build.0 = Release|Any CPU
		{5D104286-31EC-4AB8-BB48-A41D30070B69}.Debug|Any CPU.ActiveCfg = Debug|Any CPU
		{5D104286-31EC-4AB8-BB48-A41D30070B69}.Debug|Any CPU.Build.0 = Debug|Any CPU
		{5D104286-31EC-4AB8-BB48-A41D30070B69}.Release|Any CPU.ActiveCfg = Release|Any CPU
		{5D104286-31EC-4AB8-BB48-A41D30070B69}.Release|Any CPU.Build.0 = Release|Any CPU
		{128F464E-6217-42EC-A531-0ED395057C3A}.Debug|Any CPU.ActiveCfg = Debug|Any CPU
		{128F464E-6217-42EC-A531-0ED395057C3A}.Debug|Any CPU.Build.0 = Debug|Any CPU
		{128F464E-6217-42EC-A531-0ED395057C3A}.Release|Any CPU.ActiveCfg = Release|Any CPU
		{128F464E-6217-42EC-A531-0ED395057C3A}.Release|Any CPU.Build.0 = Release|Any CPU
		{0C6ED8C8-A886-46BF-8829-231027B15A96}.Debug|Any CPU.ActiveCfg = Debug|Any CPU
		{0C6ED8C8-A886-46BF-8829-231027B15A96}.Debug|Any CPU.Build.0 = Debug|Any CPU
		{0C6ED8C8-A886-46BF-8829-231027B15A96}.Release|Any CPU.ActiveCfg = Release|Any CPU
		{0C6ED8C8-A886-46BF-8829-231027B15A96}.Release|Any CPU.Build.0 = Release|Any CPU
		{46D364DC-4473-4AA6-B44C-26BA366585E0}.Debug|Any CPU.ActiveCfg = Debug|Any CPU
		{46D364DC-4473-4AA6-B44C-26BA366585E0}.Debug|Any CPU.Build.0 = Debug|Any CPU
		{46D364DC-4473-4AA6-B44C-26BA366585E0}.Release|Any CPU.ActiveCfg = Release|Any CPU
		{46D364DC-4473-4AA6-B44C-26BA366585E0}.Release|Any CPU.Build.0 = Release|Any CPU
		{B6B8D1F8-9681-4C33-B5D4-75A3773373FF}.Debug|Any CPU.ActiveCfg = Debug|Any CPU
		{B6B8D1F8-9681-4C33-B5D4-75A3773373FF}.Debug|Any CPU.Build.0 = Debug|Any CPU
		{B6B8D1F8-9681-4C33-B5D4-75A3773373FF}.Release|Any CPU.ActiveCfg = Release|Any CPU
		{B6B8D1F8-9681-4C33-B5D4-75A3773373FF}.Release|Any CPU.Build.0 = Release|Any CPU
		{2DF83F0D-A89C-483E-92CE-4DE1DE9E665D}.Debug|Any CPU.ActiveCfg = Debug|Any CPU
		{2DF83F0D-A89C-483E-92CE-4DE1DE9E665D}.Debug|Any CPU.Build.0 = Debug|Any CPU
		{2DF83F0D-A89C-483E-92CE-4DE1DE9E665D}.Release|Any CPU.ActiveCfg = Release|Any CPU
		{2DF83F0D-A89C-483E-92CE-4DE1DE9E665D}.Release|Any CPU.Build.0 = Release|Any CPU
		{114509A5-0939-4BF2-B6CB-134EE3C8798A}.Debug|Any CPU.ActiveCfg = Debug|Any CPU
		{114509A5-0939-4BF2-B6CB-134EE3C8798A}.Debug|Any CPU.Build.0 = Debug|Any CPU
		{114509A5-0939-4BF2-B6CB-134EE3C8798A}.Release|Any CPU.ActiveCfg = Release|Any CPU
		{114509A5-0939-4BF2-B6CB-134EE3C8798A}.Release|Any CPU.Build.0 = Release|Any CPU
		{BB70867F-C4C2-4D10-A08D-7F48B2B15738}.Debug|Any CPU.ActiveCfg = Debug|Any CPU
		{BB70867F-C4C2-4D10-A08D-7F48B2B15738}.Debug|Any CPU.Build.0 = Debug|Any CPU
		{BB70867F-C4C2-4D10-A08D-7F48B2B15738}.Release|Any CPU.ActiveCfg = Release|Any CPU
		{BB70867F-C4C2-4D10-A08D-7F48B2B15738}.Release|Any CPU.Build.0 = Release|Any CPU
		{C071BD59-6CC0-4389-BA32-3BCFC3B9058F}.Debug|Any CPU.ActiveCfg = Debug|Any CPU
		{C071BD59-6CC0-4389-BA32-3BCFC3B9058F}.Debug|Any CPU.Build.0 = Debug|Any CPU
		{C071BD59-6CC0-4389-BA32-3BCFC3B9058F}.Release|Any CPU.ActiveCfg = Release|Any CPU
		{C071BD59-6CC0-4389-BA32-3BCFC3B9058F}.Release|Any CPU.Build.0 = Release|Any CPU
		{6F0AAAAE-A0FA-4CAE-AB1D-3FE27FD5E597}.Debug|Any CPU.ActiveCfg = Debug|Any CPU
		{6F0AAAAE-A0FA-4CAE-AB1D-3FE27FD5E597}.Debug|Any CPU.Build.0 = Debug|Any CPU
		{6F0AAAAE-A0FA-4CAE-AB1D-3FE27FD5E597}.Release|Any CPU.ActiveCfg = Release|Any CPU
		{6F0AAAAE-A0FA-4CAE-AB1D-3FE27FD5E597}.Release|Any CPU.Build.0 = Release|Any CPU
		{7BC93D9B-93F8-4727-8311-897927808109}.Debug|Any CPU.ActiveCfg = Debug|Any CPU
		{7BC93D9B-93F8-4727-8311-897927808109}.Debug|Any CPU.Build.0 = Debug|Any CPU
		{7BC93D9B-93F8-4727-8311-897927808109}.Release|Any CPU.ActiveCfg = Release|Any CPU
		{7BC93D9B-93F8-4727-8311-897927808109}.Release|Any CPU.Build.0 = Release|Any CPU
		{F2125A68-78B0-4660-A921-0D7F6C9AAB1B}.Debug|Any CPU.ActiveCfg = Debug|Any CPU
		{F2125A68-78B0-4660-A921-0D7F6C9AAB1B}.Debug|Any CPU.Build.0 = Debug|Any CPU
		{F2125A68-78B0-4660-A921-0D7F6C9AAB1B}.Release|Any CPU.ActiveCfg = Release|Any CPU
		{F2125A68-78B0-4660-A921-0D7F6C9AAB1B}.Release|Any CPU.Build.0 = Release|Any CPU
		{E293E6CC-3D21-4FA6-804D-024FB7919462}.Debug|Any CPU.ActiveCfg = Debug|Any CPU
		{E293E6CC-3D21-4FA6-804D-024FB7919462}.Debug|Any CPU.Build.0 = Debug|Any CPU
		{E293E6CC-3D21-4FA6-804D-024FB7919462}.Release|Any CPU.ActiveCfg = Release|Any CPU
		{E293E6CC-3D21-4FA6-804D-024FB7919462}.Release|Any CPU.Build.0 = Release|Any CPU
		{86E1DE7D-9171-46F7-9AA2-441893DE9B6A}.Debug|Any CPU.ActiveCfg = Debug|Any CPU
		{86E1DE7D-9171-46F7-9AA2-441893DE9B6A}.Debug|Any CPU.Build.0 = Debug|Any CPU
		{86E1DE7D-9171-46F7-9AA2-441893DE9B6A}.Release|Any CPU.ActiveCfg = Release|Any CPU
		{86E1DE7D-9171-46F7-9AA2-441893DE9B6A}.Release|Any CPU.Build.0 = Release|Any CPU
		{474C4B45-FBAB-403D-9A46-9B80872E8304}.Debug|Any CPU.ActiveCfg = Debug|Any CPU
		{474C4B45-FBAB-403D-9A46-9B80872E8304}.Debug|Any CPU.Build.0 = Debug|Any CPU
		{474C4B45-FBAB-403D-9A46-9B80872E8304}.Release|Any CPU.ActiveCfg = Release|Any CPU
		{474C4B45-FBAB-403D-9A46-9B80872E8304}.Release|Any CPU.Build.0 = Release|Any CPU
		{715558B5-BDA4-4D38-822E-435031AB97AB}.Debug|Any CPU.ActiveCfg = Debug|Any CPU
		{715558B5-BDA4-4D38-822E-435031AB97AB}.Debug|Any CPU.Build.0 = Debug|Any CPU
		{715558B5-BDA4-4D38-822E-435031AB97AB}.Release|Any CPU.ActiveCfg = Release|Any CPU
		{715558B5-BDA4-4D38-822E-435031AB97AB}.Release|Any CPU.Build.0 = Release|Any CPU
		{66329BD7-7783-4104-B046-F1A840549DCE}.Debug|Any CPU.ActiveCfg = Debug|Any CPU
		{66329BD7-7783-4104-B046-F1A840549DCE}.Debug|Any CPU.Build.0 = Debug|Any CPU
		{66329BD7-7783-4104-B046-F1A840549DCE}.Release|Any CPU.ActiveCfg = Release|Any CPU
		{66329BD7-7783-4104-B046-F1A840549DCE}.Release|Any CPU.Build.0 = Release|Any CPU
		{95586FC9-1057-4DA0-B3C3-447B3BE97069}.Debug|Any CPU.ActiveCfg = Debug|Any CPU
		{95586FC9-1057-4DA0-B3C3-447B3BE97069}.Debug|Any CPU.Build.0 = Debug|Any CPU
		{95586FC9-1057-4DA0-B3C3-447B3BE97069}.Release|Any CPU.ActiveCfg = Release|Any CPU
		{95586FC9-1057-4DA0-B3C3-447B3BE97069}.Release|Any CPU.Build.0 = Release|Any CPU
		{802C8081-BB0A-4DF3-95CC-32DAEB52AD2A}.Debug|Any CPU.ActiveCfg = Debug|Any CPU
		{802C8081-BB0A-4DF3-95CC-32DAEB52AD2A}.Debug|Any CPU.Build.0 = Debug|Any CPU
		{802C8081-BB0A-4DF3-95CC-32DAEB52AD2A}.Release|Any CPU.ActiveCfg = Release|Any CPU
		{802C8081-BB0A-4DF3-95CC-32DAEB52AD2A}.Release|Any CPU.Build.0 = Release|Any CPU
		{BCE8F4D9-7E70-4D68-893C-4A215EE8ED02}.Debug|Any CPU.ActiveCfg = Debug|Any CPU
		{BCE8F4D9-7E70-4D68-893C-4A215EE8ED02}.Debug|Any CPU.Build.0 = Debug|Any CPU
		{BCE8F4D9-7E70-4D68-893C-4A215EE8ED02}.Release|Any CPU.ActiveCfg = Release|Any CPU
		{BCE8F4D9-7E70-4D68-893C-4A215EE8ED02}.Release|Any CPU.Build.0 = Release|Any CPU
		{CCACCB77-04F8-4949-BF9B-812AC5D52BF2}.Debug|Any CPU.ActiveCfg = Debug|Any CPU
		{CCACCB77-04F8-4949-BF9B-812AC5D52BF2}.Debug|Any CPU.Build.0 = Debug|Any CPU
		{CCACCB77-04F8-4949-BF9B-812AC5D52BF2}.Release|Any CPU.ActiveCfg = Release|Any CPU
		{CCACCB77-04F8-4949-BF9B-812AC5D52BF2}.Release|Any CPU.Build.0 = Release|Any CPU
		{135935D3-CC40-4E08-B564-FC0A3E8EA65A}.Debug|Any CPU.ActiveCfg = Debug|Any CPU
		{135935D3-CC40-4E08-B564-FC0A3E8EA65A}.Debug|Any CPU.Build.0 = Debug|Any CPU
		{135935D3-CC40-4E08-B564-FC0A3E8EA65A}.Release|Any CPU.ActiveCfg = Release|Any CPU
		{135935D3-CC40-4E08-B564-FC0A3E8EA65A}.Release|Any CPU.Build.0 = Release|Any CPU
		{DA37E317-F623-4AAA-8371-63738BEFC838}.Debug|Any CPU.ActiveCfg = Debug|Any CPU
		{DA37E317-F623-4AAA-8371-63738BEFC838}.Debug|Any CPU.Build.0 = Debug|Any CPU
		{DA37E317-F623-4AAA-8371-63738BEFC838}.Release|Any CPU.ActiveCfg = Release|Any CPU
		{DA37E317-F623-4AAA-8371-63738BEFC838}.Release|Any CPU.Build.0 = Release|Any CPU
		{DB065E1D-991E-41DD-8088-80BF809271F4}.Debug|Any CPU.ActiveCfg = Debug|Any CPU
		{DB065E1D-991E-41DD-8088-80BF809271F4}.Debug|Any CPU.Build.0 = Debug|Any CPU
		{DB065E1D-991E-41DD-8088-80BF809271F4}.Release|Any CPU.ActiveCfg = Release|Any CPU
		{DB065E1D-991E-41DD-8088-80BF809271F4}.Release|Any CPU.Build.0 = Release|Any CPU
		{CF5925BD-7AD1-411C-AAC6-4BC0879753D6}.Debug|Any CPU.ActiveCfg = Debug|Any CPU
		{CF5925BD-7AD1-411C-AAC6-4BC0879753D6}.Debug|Any CPU.Build.0 = Debug|Any CPU
		{CF5925BD-7AD1-411C-AAC6-4BC0879753D6}.Release|Any CPU.ActiveCfg = Release|Any CPU
		{CF5925BD-7AD1-411C-AAC6-4BC0879753D6}.Release|Any CPU.Build.0 = Release|Any CPU
		{280E42F2-E23E-40AA-A7AA-997DD449E2D6}.Debug|Any CPU.ActiveCfg = Debug|Any CPU
		{280E42F2-E23E-40AA-A7AA-997DD449E2D6}.Debug|Any CPU.Build.0 = Debug|Any CPU
		{280E42F2-E23E-40AA-A7AA-997DD449E2D6}.Release|Any CPU.ActiveCfg = Release|Any CPU
		{280E42F2-E23E-40AA-A7AA-997DD449E2D6}.Release|Any CPU.Build.0 = Release|Any CPU
	EndGlobalSection
	GlobalSection(SolutionProperties) = preSolution
		HideSolutionNode = FALSE
	EndGlobalSection
EndGlobal
