
Microsoft Visual Studio Solution File, Format Version 12.00
# Visual Studio Version 17
VisualStudioVersion = 17.12.35506.116
MinimumVisualStudioVersion = 10.0.40219.1
Project("{FAE04EC0-301F-11D3-BF4B-00C04F79EFBC}") = "CSharpStrings", "AllCSharpProjects\CSharpStrings.csproj", "{3149EFDD-D7B3-47BB-9347-0D9AF54B612F}"
EndProject
Project("{FAE04EC0-301F-11D3-BF4B-00C04F79EFBC}") = "Fibonacci", "Fibonacci\Fibonacci.csproj", "{DCA21D73-4119-4BA5-B93F-9CA5C4DCAA33}"
EndProject
Project("{FAE04EC0-301F-11D3-BF4B-00C04F79EFBC}") = "Tuple", "Tuple\Tuple.csproj", "{3E62A214-C66B-4F29-8AFF-044B1D6D8539}"
EndProject
Project("{FAE04EC0-301F-11D3-BF4B-00C04F79EFBC}") = "1DArray", "1DArray\1DArray.csproj", "{5D104286-31EC-4AB8-BB48-A41D30070B69}"
EndProject
Project("{FAE04EC0-301F-11D3-BF4B-00C04F79EFBC}") = "GreatestNumberV1", "GreatestNumber\GreatestNumberV1.csproj", "{95753908-7036-4900-AB01-B94B778881E9}"
EndProject
Project("{FAE04EC0-301F-11D3-BF4B-00C04F79EFBC}") = "GreatestNumberV2", "GreatestNumberV2\GreatestNumberV2.csproj", "{128F464E-6217-42EC-A531-0ED395057C3A}"
EndProject
Project("{FAE04EC0-301F-11D3-BF4B-00C04F79EFBC}") = "GreatestNumberV3UsingLinq", "GreatestNumberV3\GreatestNumberV3UsingLinq.csproj", "{10C8F1D8-2E1F-40D0-891B-83C9CB541ADF}"
EndProject
Project("{FAE04EC0-301F-11D3-BF4B-00C04F79EFBC}") = "CheckForPrimeV1", "CheckForPrimeV1\CheckForPrimeV1.csproj", "{0C6ED8C8-A886-46BF-8829-231027B15A96}"
EndProject
Project("{FAE04EC0-301F-11D3-BF4B-00C04F79EFBC}") = "CheckForPrimeV2", "CheckForPrimeV2\CheckForPrimeV2.csproj", "{46D364DC-4473-4AA6-B44C-26BA366585E0}"
EndProject
Project("{FAE04EC0-301F-11D3-BF4B-00C04F79EFBC}") = "CheckForPrimeV3", "CheckForPrimeV3\CheckForPrimeV3.csproj", "{B6B8D1F8-9681-4C33-B5D4-75A3773373FF}"
EndProject
Project("{FAE04EC0-301F-11D3-BF4B-00C04F79EFBC}") = "CheckForPrimeV4WithLinqFullSafety", "CheckForPrimeV4WithLinqFullSafety\CheckForPrimeV4WithLinqFullSafety.csproj", "{2DF83F0D-A89C-483E-92CE-4DE1DE9E665D}"
EndProject
Global
	GlobalSection(SolutionConfigurationPlatforms) = preSolution
		Debug|Any CPU = Debug|Any CPU
		Release|Any CPU = Release|Any CPU
	EndGlobalSection
	GlobalSection(ProjectConfigurationPlatforms) = postSolution
		{3149EFDD-D7B3-47BB-9347-0D9AF54B612F}.Debug|Any CPU.ActiveCfg = Debug|Any CPU
		{3149EFDD-D7B3-47BB-9347-0D9AF54B612F}.Debug|Any CPU.Build.0 = Debug|Any CPU
		{3149EFDD-D7B3-47BB-9347-0D9AF54B612F}.Release|Any CPU.ActiveCfg = Release|Any CPU
		{3149EFDD-D7B3-47BB-9347-0D9AF54B612F}.Release|Any CPU.Build.0 = Release|Any CPU
		{DCA21D73-4119-4BA5-B93F-9CA5C4DCAA33}.Debug|Any CPU.ActiveCfg = Debug|Any CPU
		{DCA21D73-4119-4BA5-B93F-9CA5C4DCAA33}.Debug|Any CPU.Build.0 = Debug|Any CPU
		{DCA21D73-4119-4BA5-B93F-9CA5C4DCAA33}.Release|Any CPU.ActiveCfg = Release|Any CPU
		{DCA21D73-4119-4BA5-B93F-9CA5C4DCAA33}.Release|Any CPU.Build.0 = Release|Any CPU
		{3E62A214-C66B-4F29-8AFF-044B1D6D8539}.Debug|Any CPU.ActiveCfg = Debug|Any CPU
		{3E62A214-C66B-4F29-8AFF-044B1D6D8539}.Debug|Any CPU.Build.0 = Debug|Any CPU
		{3E62A214-C66B-4F29-8AFF-044B1D6D8539}.Release|Any CPU.ActiveCfg = Release|Any CPU
		{3E62A214-C66B-4F29-8AFF-044B1D6D8539}.Release|Any CPU.Build.0 = Release|Any CPU
		{5D104286-31EC-4AB8-BB48-A41D30070B69}.Debug|Any CPU.ActiveCfg = Debug|Any CPU
		{5D104286-31EC-4AB8-BB48-A41D30070B69}.Debug|Any CPU.Build.0 = Debug|Any CPU
		{5D104286-31EC-4AB8-BB48-A41D30070B69}.Release|Any CPU.ActiveCfg = Release|Any CPU
		{5D104286-31EC-4AB8-BB48-A41D30070B69}.Release|Any CPU.Build.0 = Release|Any CPU
		{95753908-7036-4900-AB01-B94B778881E9}.Debug|Any CPU.ActiveCfg = Debug|Any CPU
		{95753908-7036-4900-AB01-B94B778881E9}.Debug|Any CPU.Build.0 = Debug|Any CPU
		{95753908-7036-4900-AB01-B94B778881E9}.Release|Any CPU.ActiveCfg = Release|Any CPU
		{95753908-7036-4900-AB01-B94B778881E9}.Release|Any CPU.Build.0 = Release|Any CPU
		{128F464E-6217-42EC-A531-0ED395057C3A}.Debug|Any CPU.ActiveCfg = Debug|Any CPU
		{128F464E-6217-42EC-A531-0ED395057C3A}.Debug|Any CPU.Build.0 = Debug|Any CPU
		{128F464E-6217-42EC-A531-0ED395057C3A}.Release|Any CPU.ActiveCfg = Release|Any CPU
		{128F464E-6217-42EC-A531-0ED395057C3A}.Release|Any CPU.Build.0 = Release|Any CPU
		{10C8F1D8-2E1F-40D0-891B-83C9CB541ADF}.Debug|Any CPU.ActiveCfg = Debug|Any CPU
		{10C8F1D8-2E1F-40D0-891B-83C9CB541ADF}.Debug|Any CPU.Build.0 = Debug|Any CPU
		{10C8F1D8-2E1F-40D0-891B-83C9CB541ADF}.Release|Any CPU.ActiveCfg = Release|Any CPU
		{10C8F1D8-2E1F-40D0-891B-83C9CB541ADF}.Release|Any CPU.Build.0 = Release|Any CPU
		{0C6ED8C8-A886-46BF-8829-231027B15A96}.Debug|Any CPU.ActiveCfg = Debug|Any CPU
		{0C6ED8C8-A886-46BF-8829-231027B15A96}.Debug|Any CPU.Build.0 = Debug|Any CPU
		{0C6ED8C8-A886-46BF-8829-231027B15A96}.Release|Any CPU.ActiveCfg = Release|Any CPU
		{0C6ED8C8-A886-46BF-8829-231027B15A96}.Release|Any CPU.Build.0 = Release|Any CPU
		{46D364DC-4473-4AA6-B44C-26BA366585E0}.Debug|Any CPU.ActiveCfg = Debug|Any CPU
		{46D364DC-4473-4AA6-B44C-26BA366585E0}.Debug|Any CPU.Build.0 = Debug|Any CPU
		{46D364DC-4473-4AA6-B44C-26BA366585E0}.Release|Any CPU.ActiveCfg = Release|Any CPU
		{46D364DC-4473-4AA6-B44C-26BA366585E0}.Release|Any CPU.Build.0 = Release|Any CPU
		{B6B8D1F8-9681-4C33-B5D4-75A3773373FF}.Debug|Any CPU.ActiveCfg = Debug|Any CPU
		{B6B8D1F8-9681-4C33-B5D4-75A3773373FF}.Debug|Any CPU.Build.0 = Debug|Any CPU
		{B6B8D1F8-9681-4C33-B5D4-75A3773373FF}.Release|Any CPU.ActiveCfg = Release|Any CPU
		{B6B8D1F8-9681-4C33-B5D4-75A3773373FF}.Release|Any CPU.Build.0 = Release|Any CPU
		{2DF83F0D-A89C-483E-92CE-4DE1DE9E665D}.Debug|Any CPU.ActiveCfg = Debug|Any CPU
		{2DF83F0D-A89C-483E-92CE-4DE1DE9E665D}.Debug|Any CPU.Build.0 = Debug|Any CPU
		{2DF83F0D-A89C-483E-92CE-4DE1DE9E665D}.Release|Any CPU.ActiveCfg = Release|Any CPU
		{2DF83F0D-A89C-483E-92CE-4DE1DE9E665D}.Release|Any CPU.Build.0 = Release|Any CPU
	EndGlobalSection
	GlobalSection(SolutionProperties) = preSolution
		HideSolutionNode = FALSE
	EndGlobalSection
EndGlobal
